
Microsoft Visual Studio Solution File, Format Version 12.00
# Visual Studio 15
VisualStudioVersion = 15.0.27428.2015
MinimumVisualStudioVersion = 10.0.40219.1
Project("{FAE04EC0-301F-11D3-BF4B-00C04F79EFBC}") = "Project", "Project\Project.csproj", "{F1010B26-095B-4EF4-9B03-44C370C7784A}"
EndProject
Project("{FAE04EC0-301F-11D3-BF4B-00C04F79EFBC}") = "Project.Tests", "Project.Tests\Project.Tests.csproj", "{75E54363-8BB1-43AD-9F08-73952D9CE1A8}"
EndProject
Global
	GlobalSection(SolutionConfigurationPlatforms) = preSolution
		Debug|Any CPU = Debug|Any CPU
		Release|Any CPU = Release|Any CPU
	EndGlobalSection
	GlobalSection(ProjectConfigurationPlatforms) = postSolution
		{F1010B26-095B-4EF4-9B03-44C370C7784A}.Debug|Any CPU.ActiveCfg = Debug|Any CPU
		{F1010B26-095B-4EF4-9B03-44C370C7784A}.Debug|Any CPU.Build.0 = Debug|Any CPU
		{F1010B26-095B-4EF4-9B03-44C370C7784A}.Release|Any CPU.ActiveCfg = Release|Any CPU
		{F1010B26-095B-4EF4-9B03-44C370C7784A}.Release|Any CPU.Build.0 = Release|Any CPU
		{75E54363-8BB1-43AD-9F08-73952D9CE1A8}.Debug|Any CPU.ActiveCfg = Debug|Any CPU
		{75E54363-8BB1-43AD-9F08-73952D9CE1A8}.Debug|Any CPU.Build.0 = Debug|Any CPU
		{75E54363-8BB1-43AD-9F08-73952D9CE1A8}.Release|Any CPU.ActiveCfg = Release|Any CPU
		{75E54363-8BB1-43AD-9F08-73952D9CE1A8}.Release|Any CPU.Build.0 = Release|Any CPU
	EndGlobalSection
	GlobalSection(SolutionProperties) = preSolution
		HideSolutionNode = FALSE
	EndGlobalSection
	GlobalSection(ExtensibilityGlobals) = postSolution
		SolutionGuid = {FA630EEC-D394-4820-AC14-836F407B947A}
	EndGlobalSection
EndGlobal
